
Microsoft Visual Studio Solution File, Format Version 12.00
# Visual Studio Version 17
VisualStudioVersion = 17.0.31903.59
MinimumVisualStudioVersion = 10.0.40219.1
Project("{2150E333-8FDC-42A3-9474-1A3956D46DE8}") = "env", "env", "{16CB69B2-0419-FDDD-29AD-0C58FA89E8D4}"
EndProject
Project("{FAE04EC0-301F-11D3-BF4B-00C04F79EFBC}") = "ShoppingList.AppHost", "env\ShoppingList.AppHost\ShoppingList.AppHost.csproj", "{7FC1C144-419B-4941-B2ED-60A062C86A50}"
EndProject
Project("{2150E333-8FDC-42A3-9474-1A3956D46DE8}") = "src", "src", "{827E0CD3-B72D-47B6-A68D-7590B98EB39B}"
EndProject
Project("{FAE04EC0-301F-11D3-BF4B-00C04F79EFBC}") = "ShoppingList.RestApi", "src\ShoppingList.RestApi\ShoppingList.RestApi.csproj", "{7CB8D3A2-CF15-473C-9676-9C89681E5AFD}"
EndProject
Project("{FAE04EC0-301F-11D3-BF4B-00C04F79EFBC}") = "ShoppingList.Application", "src\ShoppingList.Application\ShoppingList.Application.csproj", "{52BFDD53-B072-42BC-8F8D-ECA5914C0ED4}"
EndProject
Project("{FAE04EC0-301F-11D3-BF4B-00C04F79EFBC}") = "ShoppingList.Domain", "src\ShoppingList.Domain\ShoppingList.Domain.csproj", "{F604C0D4-C7AE-429C-80E3-C19FAD2A9561}"
EndProject
Project("{FAE04EC0-301F-11D3-BF4B-00C04F79EFBC}") = "ShoppingList.Infrastructure.Db", "src\ShoppingList.Infrastructure.Db\ShoppingList.Infrastructure.Db.csproj", "{EAD3295B-7061-4C9F-B813-FCF402606528}"
EndProject
Project("{FAE04EC0-301F-11D3-BF4B-00C04F79EFBC}") = "ShoppingList.ServiceDefaults", "env\ShoppingList.ServiceDefaults\ShoppingList.ServiceDefaults.csproj", "{88347E77-9FDE-4303-B1CD-52F92CFBC512}"
EndProject
Project("{2150E333-8FDC-42A3-9474-1A3956D46DE8}") = "test", "test", "{0C88DD14-F956-CE84-757C-A364CCF449FC}"
EndProject
Project("{FAE04EC0-301F-11D3-BF4B-00C04F79EFBC}") = "ShoppingList.RestApi.Tests", "test\ShoppingList.RestApi.Tests\ShoppingList.RestApi.Tests.csproj", "{E90986F6-1477-44DD-8A27-856A6FD41313}"
EndProject
Project("{FAE04EC0-301F-11D3-BF4B-00C04F79EFBC}") = "ShoppingList.Infrastructure.Db.Tests", "test\ShoppingList.Infrastructure.Db.Tests\ShoppingList.Infrastructure.Db.Tests.csproj", "{DC14B6DA-8D75-4B09-A71F-EB6CB8D35A8E}"
EndProject
Project("{FAE04EC0-301F-11D3-BF4B-00C04F79EFBC}") = "ShoppingList.Domain.Tests", "test\ShoppingList.Domain.Tests\ShoppingList.Domain.Tests.csproj", "{AB864CCF-C554-411E-9EA6-CDA8777F24AC}"
EndProject
Project("{FAE04EC0-301F-11D3-BF4B-00C04F79EFBC}") = "ShoppingList.Application.Tests", "test\ShoppingList.Application.Tests\ShoppingList.Application.Tests.csproj", "{2196439B-66E2-4E32-B8F7-506D56B6EC97}"
EndProject
Project("{FAE04EC0-301F-11D3-BF4B-00C04F79EFBC}") = "ShoppingList.Architecture.Tests", "test\ShoppingList.Architecture.Tests\ShoppingList.Architecture.Tests.csproj", "{B49F8A78-82D1-4BBC-A951-CC29DF2CD312}"
EndProject
Global
	GlobalSection(SolutionConfigurationPlatforms) = preSolution
		Debug|Any CPU = Debug|Any CPU
		Debug|x64 = Debug|x64
		Debug|x86 = Debug|x86
		Release|Any CPU = Release|Any CPU
		Release|x64 = Release|x64
		Release|x86 = Release|x86
	EndGlobalSection
	GlobalSection(ProjectConfigurationPlatforms) = postSolution
		{7FC1C144-419B-4941-B2ED-60A062C86A50}.Debug|Any CPU.ActiveCfg = Debug|Any CPU
		{7FC1C144-419B-4941-B2ED-60A062C86A50}.Debug|Any CPU.Build.0 = Debug|Any CPU
		{7FC1C144-419B-4941-B2ED-60A062C86A50}.Debug|x64.ActiveCfg = Debug|Any CPU
		{7FC1C144-419B-4941-B2ED-60A062C86A50}.Debug|x64.Build.0 = Debug|Any CPU
		{7FC1C144-419B-4941-B2ED-60A062C86A50}.Debug|x86.ActiveCfg = Debug|Any CPU
		{7FC1C144-419B-4941-B2ED-60A062C86A50}.Debug|x86.Build.0 = Debug|Any CPU
		{7FC1C144-419B-4941-B2ED-60A062C86A50}.Release|Any CPU.ActiveCfg = Release|Any CPU
		{7FC1C144-419B-4941-B2ED-60A062C86A50}.Release|Any CPU.Build.0 = Release|Any CPU
		{7FC1C144-419B-4941-B2ED-60A062C86A50}.Release|x64.ActiveCfg = Release|Any CPU
		{7FC1C144-419B-4941-B2ED-60A062C86A50}.Release|x64.Build.0 = Release|Any CPU
		{7FC1C144-419B-4941-B2ED-60A062C86A50}.Release|x86.ActiveCfg = Release|Any CPU
		{7FC1C144-419B-4941-B2ED-60A062C86A50}.Release|x86.Build.0 = Release|Any CPU
		{7CB8D3A2-CF15-473C-9676-9C89681E5AFD}.Debug|Any CPU.ActiveCfg = Debug|Any CPU
		{7CB8D3A2-CF15-473C-9676-9C89681E5AFD}.Debug|Any CPU.Build.0 = Debug|Any CPU
		{7CB8D3A2-CF15-473C-9676-9C89681E5AFD}.Debug|x64.ActiveCfg = Debug|Any CPU
		{7CB8D3A2-CF15-473C-9676-9C89681E5AFD}.Debug|x64.Build.0 = Debug|Any CPU
		{7CB8D3A2-CF15-473C-9676-9C89681E5AFD}.Debug|x86.ActiveCfg = Debug|Any CPU
		{7CB8D3A2-CF15-473C-9676-9C89681E5AFD}.Debug|x86.Build.0 = Debug|Any CPU
		{7CB8D3A2-CF15-473C-9676-9C89681E5AFD}.Release|Any CPU.ActiveCfg = Release|Any CPU
		{7CB8D3A2-CF15-473C-9676-9C89681E5AFD}.Release|Any CPU.Build.0 = Release|Any CPU
		{7CB8D3A2-CF15-473C-9676-9C89681E5AFD}.Release|x64.ActiveCfg = Release|Any CPU
		{7CB8D3A2-CF15-473C-9676-9C89681E5AFD}.Release|x64.Build.0 = Release|Any CPU
		{7CB8D3A2-CF15-473C-9676-9C89681E5AFD}.Release|x86.ActiveCfg = Release|Any CPU
		{7CB8D3A2-CF15-473C-9676-9C89681E5AFD}.Release|x86.Build.0 = Release|Any CPU
		{52BFDD53-B072-42BC-8F8D-ECA5914C0ED4}.Debug|Any CPU.ActiveCfg = Debug|Any CPU
		{52BFDD53-B072-42BC-8F8D-ECA5914C0ED4}.Debug|Any CPU.Build.0 = Debug|Any CPU
		{52BFDD53-B072-42BC-8F8D-ECA5914C0ED4}.Debug|x64.ActiveCfg = Debug|Any CPU
		{52BFDD53-B072-42BC-8F8D-ECA5914C0ED4}.Debug|x64.Build.0 = Debug|Any CPU
		{52BFDD53-B072-42BC-8F8D-ECA5914C0ED4}.Debug|x86.ActiveCfg = Debug|Any CPU
		{52BFDD53-B072-42BC-8F8D-ECA5914C0ED4}.Debug|x86.Build.0 = Debug|Any CPU
		{52BFDD53-B072-42BC-8F8D-ECA5914C0ED4}.Release|Any CPU.ActiveCfg = Release|Any CPU
		{52BFDD53-B072-42BC-8F8D-ECA5914C0ED4}.Release|Any CPU.Build.0 = Release|Any CPU
		{52BFDD53-B072-42BC-8F8D-ECA5914C0ED4}.Release|x64.ActiveCfg = Release|Any CPU
		{52BFDD53-B072-42BC-8F8D-ECA5914C0ED4}.Release|x64.Build.0 = Release|Any CPU
		{52BFDD53-B072-42BC-8F8D-ECA5914C0ED4}.Release|x86.ActiveCfg = Release|Any CPU
		{52BFDD53-B072-42BC-8F8D-ECA5914C0ED4}.Release|x86.Build.0 = Release|Any CPU
		{F604C0D4-C7AE-429C-80E3-C19FAD2A9561}.Debug|Any CPU.ActiveCfg = Debug|Any CPU
		{F604C0D4-C7AE-429C-80E3-C19FAD2A9561}.Debug|Any CPU.Build.0 = Debug|Any CPU
		{F604C0D4-C7AE-429C-80E3-C19FAD2A9561}.Debug|x64.ActiveCfg = Debug|Any CPU
		{F604C0D4-C7AE-429C-80E3-C19FAD2A9561}.Debug|x64.Build.0 = Debug|Any CPU
		{F604C0D4-C7AE-429C-80E3-C19FAD2A9561}.Debug|x86.ActiveCfg = Debug|Any CPU
		{F604C0D4-C7AE-429C-80E3-C19FAD2A9561}.Debug|x86.Build.0 = Debug|Any CPU
		{F604C0D4-C7AE-429C-80E3-C19FAD2A9561}.Release|Any CPU.ActiveCfg = Release|Any CPU
		{F604C0D4-C7AE-429C-80E3-C19FAD2A9561}.Release|Any CPU.Build.0 = Release|Any CPU
		{F604C0D4-C7AE-429C-80E3-C19FAD2A9561}.Release|x64.ActiveCfg = Release|Any CPU
		{F604C0D4-C7AE-429C-80E3-C19FAD2A9561}.Release|x64.Build.0 = Release|Any CPU
		{F604C0D4-C7AE-429C-80E3-C19FAD2A9561}.Release|x86.ActiveCfg = Release|Any CPU
		{F604C0D4-C7AE-429C-80E3-C19FAD2A9561}.Release|x86.Build.0 = Release|Any CPU
		{EAD3295B-7061-4C9F-B813-FCF402606528}.Debug|Any CPU.ActiveCfg = Debug|Any CPU
		{EAD3295B-7061-4C9F-B813-FCF402606528}.Debug|Any CPU.Build.0 = Debug|Any CPU
		{EAD3295B-7061-4C9F-B813-FCF402606528}.Debug|x64.ActiveCfg = Debug|Any CPU
		{EAD3295B-7061-4C9F-B813-FCF402606528}.Debug|x64.Build.0 = Debug|Any CPU
		{EAD3295B-7061-4C9F-B813-FCF402606528}.Debug|x86.ActiveCfg = Debug|Any CPU
		{EAD3295B-7061-4C9F-B813-FCF402606528}.Debug|x86.Build.0 = Debug|Any CPU
		{EAD3295B-7061-4C9F-B813-FCF402606528}.Release|Any CPU.ActiveCfg = Release|Any CPU
		{EAD3295B-7061-4C9F-B813-FCF402606528}.Release|Any CPU.Build.0 = Release|Any CPU
		{EAD3295B-7061-4C9F-B813-FCF402606528}.Release|x64.ActiveCfg = Release|Any CPU
		{EAD3295B-7061-4C9F-B813-FCF402606528}.Release|x64.Build.0 = Release|Any CPU
		{EAD3295B-7061-4C9F-B813-FCF402606528}.Release|x86.ActiveCfg = Release|Any CPU
		{EAD3295B-7061-4C9F-B813-FCF402606528}.Release|x86.Build.0 = Release|Any CPU
		{88347E77-9FDE-4303-B1CD-52F92CFBC512}.Debug|Any CPU.ActiveCfg = Debug|Any CPU
		{88347E77-9FDE-4303-B1CD-52F92CFBC512}.Debug|Any CPU.Build.0 = Debug|Any CPU
		{88347E77-9FDE-4303-B1CD-52F92CFBC512}.Debug|x64.ActiveCfg = Debug|Any CPU
		{88347E77-9FDE-4303-B1CD-52F92CFBC512}.Debug|x64.Build.0 = Debug|Any CPU
		{88347E77-9FDE-4303-B1CD-52F92CFBC512}.Debug|x86.ActiveCfg = Debug|Any CPU
		{88347E77-9FDE-4303-B1CD-52F92CFBC512}.Debug|x86.Build.0 = Debug|Any CPU
		{88347E77-9FDE-4303-B1CD-52F92CFBC512}.Release|Any CPU.ActiveCfg = Release|Any CPU
		{88347E77-9FDE-4303-B1CD-52F92CFBC512}.Release|Any CPU.Build.0 = Release|Any CPU
		{88347E77-9FDE-4303-B1CD-52F92CFBC512}.Release|x64.ActiveCfg = Release|Any CPU
		{88347E77-9FDE-4303-B1CD-52F92CFBC512}.Release|x64.Build.0 = Release|Any CPU
		{88347E77-9FDE-4303-B1CD-52F92CFBC512}.Release|x86.ActiveCfg = Release|Any CPU
		{88347E77-9FDE-4303-B1CD-52F92CFBC512}.Release|x86.Build.0 = Release|Any CPU
		{E90986F6-1477-44DD-8A27-856A6FD41313}.Debug|Any CPU.ActiveCfg = Debug|Any CPU
		{E90986F6-1477-44DD-8A27-856A6FD41313}.Debug|Any CPU.Build.0 = Debug|Any CPU
		{E90986F6-1477-44DD-8A27-856A6FD41313}.Debug|x64.ActiveCfg = Debug|Any CPU
		{E90986F6-1477-44DD-8A27-856A6FD41313}.Debug|x64.Build.0 = Debug|Any CPU
		{E90986F6-1477-44DD-8A27-856A6FD41313}.Debug|x86.ActiveCfg = Debug|Any CPU
		{E90986F6-1477-44DD-8A27-856A6FD41313}.Debug|x86.Build.0 = Debug|Any CPU
		{E90986F6-1477-44DD-8A27-856A6FD41313}.Release|Any CPU.ActiveCfg = Release|Any CPU
		{E90986F6-1477-44DD-8A27-856A6FD41313}.Release|Any CPU.Build.0 = Release|Any CPU
		{E90986F6-1477-44DD-8A27-856A6FD41313}.Release|x64.ActiveCfg = Release|Any CPU
		{E90986F6-1477-44DD-8A27-856A6FD41313}.Release|x64.Build.0 = Release|Any CPU
		{E90986F6-1477-44DD-8A27-856A6FD41313}.Release|x86.ActiveCfg = Release|Any CPU
		{E90986F6-1477-44DD-8A27-856A6FD41313}.Release|x86.Build.0 = Release|Any CPU
		{DC14B6DA-8D75-4B09-A71F-EB6CB8D35A8E}.Debug|Any CPU.ActiveCfg = Debug|Any CPU
		{DC14B6DA-8D75-4B09-A71F-EB6CB8D35A8E}.Debug|Any CPU.Build.0 = Debug|Any CPU
		{DC14B6DA-8D75-4B09-A71F-EB6CB8D35A8E}.Debug|x64.ActiveCfg = Debug|Any CPU
		{DC14B6DA-8D75-4B09-A71F-EB6CB8D35A8E}.Debug|x64.Build.0 = Debug|Any CPU
		{DC14B6DA-8D75-4B09-A71F-EB6CB8D35A8E}.Debug|x86.ActiveCfg = Debug|Any CPU
		{DC14B6DA-8D75-4B09-A71F-EB6CB8D35A8E}.Debug|x86.Build.0 = Debug|Any CPU
		{DC14B6DA-8D75-4B09-A71F-EB6CB8D35A8E}.Release|Any CPU.ActiveCfg = Release|Any CPU
		{DC14B6DA-8D75-4B09-A71F-EB6CB8D35A8E}.Release|Any CPU.Build.0 = Release|Any CPU
		{DC14B6DA-8D75-4B09-A71F-EB6CB8D35A8E}.Release|x64.ActiveCfg = Release|Any CPU
		{DC14B6DA-8D75-4B09-A71F-EB6CB8D35A8E}.Release|x64.Build.0 = Release|Any CPU
		{DC14B6DA-8D75-4B09-A71F-EB6CB8D35A8E}.Release|x86.ActiveCfg = Release|Any CPU
		{DC14B6DA-8D75-4B09-A71F-EB6CB8D35A8E}.Release|x86.Build.0 = Release|Any CPU
		{AB864CCF-C554-411E-9EA6-CDA8777F24AC}.Debug|Any CPU.ActiveCfg = Debug|Any CPU
		{AB864CCF-C554-411E-9EA6-CDA8777F24AC}.Debug|Any CPU.Build.0 = Debug|Any CPU
		{AB864CCF-C554-411E-9EA6-CDA8777F24AC}.Debug|x64.ActiveCfg = Debug|Any CPU
		{AB864CCF-C554-411E-9EA6-CDA8777F24AC}.Debug|x64.Build.0 = Debug|Any CPU
		{AB864CCF-C554-411E-9EA6-CDA8777F24AC}.Debug|x86.ActiveCfg = Debug|Any CPU
		{AB864CCF-C554-411E-9EA6-CDA8777F24AC}.Debug|x86.Build.0 = Debug|Any CPU
		{AB864CCF-C554-411E-9EA6-CDA8777F24AC}.Release|Any CPU.ActiveCfg = Release|Any CPU
		{AB864CCF-C554-411E-9EA6-CDA8777F24AC}.Release|Any CPU.Build.0 = Release|Any CPU
		{AB864CCF-C554-411E-9EA6-CDA8777F24AC}.Release|x64.ActiveCfg = Release|Any CPU
		{AB864CCF-C554-411E-9EA6-CDA8777F24AC}.Release|x64.Build.0 = Release|Any CPU
		{AB864CCF-C554-411E-9EA6-CDA8777F24AC}.Release|x86.ActiveCfg = Release|Any CPU
		{AB864CCF-C554-411E-9EA6-CDA8777F24AC}.Release|x86.Build.0 = Release|Any CPU
		{2196439B-66E2-4E32-B8F7-506D56B6EC97}.Debug|Any CPU.ActiveCfg = Debug|Any CPU
		{2196439B-66E2-4E32-B8F7-506D56B6EC97}.Debug|Any CPU.Build.0 = Debug|Any CPU
		{2196439B-66E2-4E32-B8F7-506D56B6EC97}.Debug|x64.ActiveCfg = Debug|Any CPU
		{2196439B-66E2-4E32-B8F7-506D56B6EC97}.Debug|x64.Build.0 = Debug|Any CPU
		{2196439B-66E2-4E32-B8F7-506D56B6EC97}.Debug|x86.ActiveCfg = Debug|Any CPU
		{2196439B-66E2-4E32-B8F7-506D56B6EC97}.Debug|x86.Build.0 = Debug|Any CPU
		{2196439B-66E2-4E32-B8F7-506D56B6EC97}.Release|Any CPU.ActiveCfg = Release|Any CPU
		{2196439B-66E2-4E32-B8F7-506D56B6EC97}.Release|Any CPU.Build.0 = Release|Any CPU
		{2196439B-66E2-4E32-B8F7-506D56B6EC97}.Release|x64.ActiveCfg = Release|Any CPU
		{2196439B-66E2-4E32-B8F7-506D56B6EC97}.Release|x64.Build.0 = Release|Any CPU
		{2196439B-66E2-4E32-B8F7-506D56B6EC97}.Release|x86.ActiveCfg = Release|Any CPU
		{2196439B-66E2-4E32-B8F7-506D56B6EC97}.Release|x86.Build.0 = Release|Any CPU
		{B49F8A78-82D1-4BBC-A951-CC29DF2CD312}.Debug|Any CPU.ActiveCfg = Debug|Any CPU
		{B49F8A78-82D1-4BBC-A951-CC29DF2CD312}.Debug|Any CPU.Build.0 = Debug|Any CPU
		{B49F8A78-82D1-4BBC-A951-CC29DF2CD312}.Debug|x64.ActiveCfg = Debug|Any CPU
		{B49F8A78-82D1-4BBC-A951-CC29DF2CD312}.Debug|x64.Build.0 = Debug|Any CPU
		{B49F8A78-82D1-4BBC-A951-CC29DF2CD312}.Debug|x86.ActiveCfg = Debug|Any CPU
		{B49F8A78-82D1-4BBC-A951-CC29DF2CD312}.Debug|x86.Build.0 = Debug|Any CPU
		{B49F8A78-82D1-4BBC-A951-CC29DF2CD312}.Release|Any CPU.ActiveCfg = Release|Any CPU
		{B49F8A78-82D1-4BBC-A951-CC29DF2CD312}.Release|Any CPU.Build.0 = Release|Any CPU
		{B49F8A78-82D1-4BBC-A951-CC29DF2CD312}.Release|x64.ActiveCfg = Release|Any CPU
		{B49F8A78-82D1-4BBC-A951-CC29DF2CD312}.Release|x64.Build.0 = Release|Any CPU
		{B49F8A78-82D1-4BBC-A951-CC29DF2CD312}.Release|x86.ActiveCfg = Release|Any CPU
		{B49F8A78-82D1-4BBC-A951-CC29DF2CD312}.Release|x86.Build.0 = Release|Any CPU
	EndGlobalSection
	GlobalSection(SolutionProperties) = preSolution
		HideSolutionNode = FALSE
	EndGlobalSection
	GlobalSection(NestedProjects) = preSolution
		{7FC1C144-419B-4941-B2ED-60A062C86A50} = {16CB69B2-0419-FDDD-29AD-0C58FA89E8D4}
		{7CB8D3A2-CF15-473C-9676-9C89681E5AFD} = {827E0CD3-B72D-47B6-A68D-7590B98EB39B}
		{52BFDD53-B072-42BC-8F8D-ECA5914C0ED4} = {827E0CD3-B72D-47B6-A68D-7590B98EB39B}
		{F604C0D4-C7AE-429C-80E3-C19FAD2A9561} = {827E0CD3-B72D-47B6-A68D-7590B98EB39B}
		{EAD3295B-7061-4C9F-B813-FCF402606528} = {827E0CD3-B72D-47B6-A68D-7590B98EB39B}
		{88347E77-9FDE-4303-B1CD-52F92CFBC512} = {16CB69B2-0419-FDDD-29AD-0C58FA89E8D4}
		{E90986F6-1477-44DD-8A27-856A6FD41313} = {0C88DD14-F956-CE84-757C-A364CCF449FC}
		{DC14B6DA-8D75-4B09-A71F-EB6CB8D35A8E} = {0C88DD14-F956-CE84-757C-A364CCF449FC}
		{AB864CCF-C554-411E-9EA6-CDA8777F24AC} = {0C88DD14-F956-CE84-757C-A364CCF449FC}
		{2196439B-66E2-4E32-B8F7-506D56B6EC97} = {0C88DD14-F956-CE84-757C-A364CCF449FC}
		{B49F8A78-82D1-4BBC-A951-CC29DF2CD312} = {0C88DD14-F956-CE84-757C-A364CCF449FC}
	EndGlobalSection
EndGlobal
